<Solution>
  <Folder Name="/services/" />
  <Folder Name="/test/">
    <Project Path="test/SmartSure.PolicyService.Tests/SmartSure.PolicyService.Tests.csproj" />
  </Folder>
  <Project Path="gateway/SmartSure.Gateway/SmartSure.Gateway.csproj" />
  <Project Path="services/SmartSure.IdentityService/SmartSure.IdentityService.csproj" Id="65be69cb-ef8f-4f43-a454-d720eb4acd56" />
  <Project Path="services/SmartSure.PolicyService/SmartSure.PolicyService.csproj" />
  <Project Path="test/SmartSure.IdentityService.Tests/SmartSure.IdentityService.Tests.csproj" />
</Solution>
